// !$*UTF8*$!
{
	archiveVersion = 1;
	classes = {
	};
	objectVersion = 50;
	objects = {

/* Begin PBXBuildFile section */
		11E4F14325C5FBCF00FE0D5A /* SearchBarSwiftUIApp.swift in Sources */ = {isa = PBXBuildFile; fileRef = 11E4F14225C5FBCF00FE0D5A /* SearchBarSwiftUIApp.swift */; };
		11E4F14525C5FBCF00FE0D5A /* ContentView.swift in Sources */ = {isa = PBXBuildFile; fileRef = 11E4F14425C5FBCF00FE0D5A /* ContentView.swift */; };
		11E4F14725C5FBD200FE0D5A /* Assets.xcassets in Resources */ = {isa = PBXBuildFile; fileRef = 11E4F14625C5FBD200FE0D5A /* Assets.xcassets */; };
		11E4F14A25C5FBD200FE0D5A /* Preview Assets.xcassets in Resources */ = {isa = PBXBuildFile; fileRef = 11E4F14925C5FBD200FE0D5A /* Preview Assets.xcassets */; };
		11E4F15325C6004200FE0D5A /* FruitsController.swift in Sources */ = {isa = PBXBuildFile; fileRef = 11E4F15225C6004200FE0D5A /* FruitsController.swift */; };
/* End PBXBuildFile section */

/* Begin PBXFileReference section */
		11E4F13F25C5FBCF00FE0D5A /* SearchBarSwiftUI.app */ = {isa = PBXFileReference; explicitFileType = wrapper.application; includeInIndex = 0; path = SearchBarSwiftUI.app; sourceTree = BUILT_PRODUCTS_DIR; };
		11E4F14225C5FBCF00FE0D5A /* SearchBarSwiftUIApp.swift */ = {isa = PBXFileReference; lastKnownFileType = sourcecode.swift; path = SearchBarSwiftUIApp.swift; sourceTree = "<group>"; };
		11E4F14425C5FBCF00FE0D5A /* ContentView.swift */ = {isa = PBXFileReference; lastKnownFileType = sourcecode.swift; path = ContentView.swift; sourceTree = "<group>"; };
		11E4F14625C5FBD200FE0D5A /* Assets.xcassets */ = {isa = PBXFileReference; lastKnownFileType = folder.assetcatalog; path = Assets.xcassets; sourceTree = "<group>"; };
		11E4F14925C5FBD200FE0D5A /* Preview Assets.xcassets */ = {isa = PBXFileReference; lastKnownFileType = folder.assetcatalog; path = "Preview Assets.xcassets"; sourceTree = "<group>"; };
		11E4F14B25C5FBD200FE0D5A /* Info.plist */ = {isa = PBXFileReference; lastKnownFileType = text.plist.xml; path = Info.plist; sourceTree = "<group>"; };
		11E4F15225C6004200FE0D5A /* FruitsController.swift */ = {isa = PBXFileReference; lastKnownFileType = sourcecode.swift; path = FruitsController.swift; sourceTree = "<group>"; };
/* End PBXFileReference section */

/* Begin PBXFrameworksBuildPhase section */
		11E4F13C25C5FBCF00FE0D5A /* Frameworks */ = {
			isa = PBXFrameworksBuildPhase;
			buildActionMask = 2147483647;
			files = (
			);
			runOnlyForDeploymentPostprocessing = 0;
		};
/* End PBXFrameworksBuildPhase section */

/* Begin PBXGroup section */
		11E4F13625C5FBCE00FE0D5A = {
			isa = PBXGroup;
			children = (
				11E4F14125C5FBCF00FE0D5A /* SearchBarSwiftUI */,
				11E4F14025C5FBCF00FE0D5A /* Products */,
			);
			sourceTree = "<group>";
		};
		11E4F14025C5FBCF00FE0D5A /* Products */ = {
			isa = PBXGroup;
			children = (
				11E4F13F25C5FBCF00FE0D5A /* SearchBarSwiftUI.app */,
			);
			name = Products;
			sourceTree = "<group>";
		};
		11E4F14125C5FBCF00FE0D5A /* SearchBarSwiftUI */ = {
			isa = PBXGroup;
			children = (
				11E4F14225C5FBCF00FE0D5A /* SearchBarSwiftUIApp.swift */,
				11E4F14425C5FBCF00FE0D5A /* ContentView.swift */,
				11E4F15225C6004200FE0D5A /* FruitsController.swift */,
				11E4F14625C5FBD200FE0D5A /* Assets.xcassets */,
				11E4F14B25C5FBD200FE0D5A /* Info.plist */,
				11E4F14825C5FBD200FE0D5A /* Preview Content */,
			);
			path = SearchBarSwiftUI;
			sourceTree = "<group>";
		};
		11E4F14825C5FBD200FE0D5A /* Preview Content */ = {
			isa = PBXGroup;
			children = (
				11E4F14925C5FBD200FE0D5A /* Preview Assets.xcassets */,
			);
			path = "Preview Content";
			sourceTree = "<group>";
		};
/* End PBXGroup section */

/* Begin PBXNativeTarget section */
		11E4F13E25C5FBCF00FE0D5A /* SearchBarSwiftUI */ = {
			isa = PBXNativeTarget;
			buildConfigurationList = 11E4F14E25C5FBD200FE0D5A /* Build configuration list for PBXNativeTarget "SearchBarSwiftUI" */;
			buildPhases = (
				11E4F13B25C5FBCF00FE0D5A /* Sources */,
				11E4F13C25C5FBCF00FE0D5A /* Frameworks */,
				11E4F13D25C5FBCF00FE0D5A /* Resources */,
			);
			buildRules = (
			);
			dependencies = (
			);
			name = SearchBarSwiftUI;
			productName = SearchBarSwiftUI;
			productReference = 11E4F13F25C5FBCF00FE0D5A /* SearchBarSwiftUI.app */;
			productType = "com.apple.product-type.application";
		};
/* End PBXNativeTarget section */

/* Begin PBXProject section */
		11E4F13725C5FBCE00FE0D5A /* Project object */ = {
			isa = PBXProject;
			attributes = {
				LastSwiftUpdateCheck = 1240;
				LastUpgradeCheck = 1240;
				TargetAttributes = {
					11E4F13E25C5FBCF00FE0D5A = {
						CreatedOnToolsVersion = 12.4;
					};
				};
			};
			buildConfigurationList = 11E4F13A25C5FBCE00FE0D5A /* Build configuration list for PBXProject "SearchBarSwiftUI" */;
			compatibilityVersion = "Xcode 9.3";
			developmentRegion = en;
			hasScannedForEncodings = 0;
			knownRegions = (
				en,
				Base,
			);
			mainGroup = 11E4F13625C5FBCE00FE0D5A;
			productRefGroup = 11E4F14025C5FBCF00FE0D5A /* Products */;
			projectDirPath = "";
			projectRoot = "";
			targets = (
				11E4F13E25C5FBCF00FE0D5A /* SearchBarSwiftUI */,
			);
		};
/* End PBXProject section */

/* Begin PBXResourcesBuildPhase section */
		11E4F13D25C5FBCF00FE0D5A /* Resources */ = {
			isa = PBXResourcesBuildPhase;
			buildActionMask = 2147483647;
			files = (
				11E4F14A25C5FBD200FE0D5A /* Preview Assets.xcassets in Resources */,
				11E4F14725C5FBD200FE0D5A /* Assets.xcassets in Resources */,
			);
			runOnlyForDeploymentPostprocessing = 0;
		};
/* End PBXResourcesBuildPhase section */

/* Begin PBXSourcesBuildPhase section */
		11E4F13B25C5FBCF00FE0D5A /* Sources */ = {
			isa = PBXSourcesBuildPhase;
			buildActionMask = 2147483647;
			files = (
				11E4F15325C6004200FE0D5A /* FruitsController.swift in Sources */,
				11E4F14525C5FBCF00FE0D5A /* ContentView.swift in Sources */,
				11E4F14325C5FBCF00FE0D5A /* SearchBarSwiftUIApp.swift in Sources */,
			);
			runOnlyForDeploymentPostprocessing = 0;
		};
/* End PBXSourcesBuildPhase section */

/* Begin XCBuildConfiguration section */
		11E4F14C25C5FBD200FE0D5A /* Debug */ = {
			isa = XCBuildConfiguration;
			buildSettings = {
				ALWAYS_SEARCH_USER_PATHS = NO;
				CLANG_ANALYZER_NONNULL = YES;
				CLANG_ANALYZER_NUMBER_OBJECT_CONVERSION = YES_AGGRESSIVE;
				CLANG_CXX_LANGUAGE_STANDARD = "gnu++14";
				CLANG_CXX_LIBRARY = "libc++";
				CLANG_ENABLE_MODULES = YES;
				CLANG_ENABLE_OBJC_ARC = YES;
				CLANG_ENABLE_OBJC_WEAK = YES;
				CLANG_WARN_BLOCK_CAPTURE_AUTORELEASING = YES;
				CLANG_WARN_BOOL_CONVERSION = YES;
				CLANG_WARN_COMMA = YES;
				CLANG_WARN_CONSTANT_CONVERSION = YES;
				CLANG_WARN_DEPRECATED_OBJC_IMPLEMENTATIONS = YES;
				CLANG_WARN_DIRECT_OBJC_ISA_USAGE = YES_ERROR;
				CLANG_WARN_DOCUMENTATION_COMMENTS = YES;
				CLANG_WARN_EMPTY_BODY = YES;
				CLANG_WARN_ENUM_CONVERSION = YES;
				CLANG_WARN_INFINITE_RECURSION = YES;
				CLANG_WARN_INT_CONVERSION = YES;
				CLANG_WARN_NON_LITERAL_NULL_CONVERSION = YES;
				CLANG_WARN_OBJC_IMPLICIT_RETAIN_SELF = YES;
				CLANG_WARN_OBJC_LITERAL_CONVERSION = YES;
				CLANG_WARN_OBJC_ROOT_CLASS = YES_ERROR;
				CLANG_WARN_QUOTED_INCLUDE_IN_FRAMEWORK_HEADER = YES;
				CLANG_WARN_RANGE_LOOP_ANALYSIS = YES;
				CLANG_WARN_STRICT_PROTOTYPES = YES;
				CLANG_WARN_SUSPICIOUS_MOVE = YES;
				CLANG_WARN_UNGUARDED_AVAILABILITY = YES_AGGRESSIVE;
				CLANG_WARN_UNREACHABLE_CODE = YES;
				CLANG_WARN__DUPLICATE_METHOD_MATCH = YES;
				COPY_PHASE_STRIP = NO;
				DEBUG_INFORMATION_FORMAT = dwarf;
				ENABLE_STRICT_OBJC_MSGSEND = YES;
				ENABLE_TESTABILITY = YES;
				GCC_C_LANGUAGE_STANDARD = gnu11;
				GCC_DYNAMIC_NO_PIC = NO;
				GCC_NO_COMMON_BLOCKS = YES;
				GCC_OPTIMIZATION_LEVEL = 0;
				GCC_PREPROCESSOR_DEFINITIONS = (
					"DEBUG=1",
					"$(inherited)",
				);
				GCC_WARN_64_TO_32_BIT_CONVERSION = YES;
				GCC_WARN_ABOUT_RETURN_TYPE = YES_ERROR;
				GCC_WARN_UNDECLARED_SELECTOR = YES;
				GCC_WARN_UNINITIALIZED_AUTOS = YES_AGGRESSIVE;
				GCC_WARN_UNUSED_FUNCTION = YES;
				GCC_WARN_UNUSED_VARIABLE = YES;
				IPHONEOS_DEPLOYMENT_TARGET = 14.4;
				MTL_ENABLE_DEBUG_INFO = INCLUDE_SOURCE;
				MTL_FAST_MATH = YES;
				ONLY_ACTIVE_ARCH = YES;
				SDKROOT = iphoneos;
				SWIFT_ACTIVE_COMPILATION_CONDITIONS = DEBUG;
				SWIFT_OPTIMIZATION_LEVEL = "-Onone";
			};
			name = Debug;
		};
		11E4F14D25C5FBD200FE0D5A /* Release */ = {
			isa = XCBuildConfiguration;
			buildSettings = {
				ALWAYS_SEARCH_USER_PATHS = NO;
				CLANG_ANALYZER_NONNULL = YES;
				CLANG_ANALYZER_NUMBER_OBJECT_CONVERSION = YES_AGGRESSIVE;
				CLANG_CXX_LANGUAGE_STANDARD = "gnu++14";
				CLANG_CXX_LIBRARY = "libc++";
				CLANG_ENABLE_MODULES = YES;
				CLANG_ENABLE_OBJC_ARC = YES;
				CLANG_ENABLE_OBJC_WEAK = YES;
				CLANG_WARN_BLOCK_CAPTURE_AUTORELEASING = YES;
				CLANG_WARN_BOOL_CONVERSION = YES;
				CLANG_WARN_COMMA = YES;
				CLANG_WARN_CONSTANT_CONVERSION = YES;
				CLANG_WARN_DEPRECATED_OBJC_IMPLEMENTATIONS = YES;
				CLANG_WARN_DIRECT_OBJC_ISA_USAGE = YES_ERROR;
				CLANG_WARN_DOCUMENTATION_COMMENTS = YES;
				CLANG_WARN_EMPTY_BODY = YES;
				CLANG_WARN_ENUM_CONVERSION = YES;
				CLANG_WARN_INFINITE_RECURSION = YES;
				CLANG_WARN_INT_CONVERSION = YES;
				CLANG_WARN_NON_LITERAL_NULL_CONVERSION = YES;
				CLANG_WARN_OBJC_IMPLICIT_RETAIN_SELF = YES;
				CLANG_WARN_OBJC_LITERAL_CONVERSION = YES;
				CLANG_WARN_OBJC_ROOT_CLASS = YES_ERROR;
				CLANG_WARN_QUOTED_INCLUDE_IN_FRAMEWORK_HEADER = YES;
				CLANG_WARN_RANGE_LOOP_ANALYSIS = YES;
				CLANG_WARN_STRICT_PROTOTYPES = YES;
				CLANG_WARN_SUSPICIOUS_MOVE = YES;
				CLANG_WARN_UNGUARDED_AVAILABILITY = YES_AGGRESSIVE;
				CLANG_WARN_UNREACHABLE_CODE = YES;
				CLANG_WARN__DUPLICATE_METHOD_MATCH = YES;
				COPY_PHASE_STRIP = NO;
				DEBUG_INFORMATION_FORMAT = "dwarf-with-dsym";
				ENABLE_NS_ASSERTIONS = NO;
				ENABLE_STRICT_OBJC_MSGSEND = YES;
				GCC_C_LANGUAGE_STANDARD = gnu11;
				GCC_NO_COMMON_BLOCKS = YES;
				GCC_WARN_64_TO_32_BIT_CONVERSION = YES;
				GCC_WARN_ABOUT_RETURN_TYPE = YES_ERROR;
				GCC_WARN_UNDECLARED_SELECTOR = YES;
				GCC_WARN_UNINITIALIZED_AUTOS = YES_AGGRESSIVE;
				GCC_WARN_UNUSED_FUNCTION = YES;
				GCC_WARN_UNUSED_VARIABLE = YES;
				IPHONEOS_DEPLOYMENT_TARGET = 14.4;
				MTL_ENABLE_DEBUG_INFO = NO;
				MTL_FAST_MATH = YES;
				SDKROOT = iphoneos;
				SWIFT_COMPILATION_MODE = wholemodule;
				SWIFT_OPTIMIZATION_LEVEL = "-O";
				VALIDATE_PRODUCT = YES;
			};
			name = Release;
		};
		11E4F14F25C5FBD200FE0D5A /* Debug */ = {
			isa = XCBuildConfiguration;
			buildSettings = {
				ASSETCATALOG_COMPILER_APPICON_NAME = AppIcon;
				ASSETCATALOG_COMPILER_GLOBAL_ACCENT_COLOR_NAME = AccentColor;
				CODE_SIGN_STYLE = Automatic;
				DEVELOPMENT_ASSET_PATHS = "\"SearchBarSwiftUI/Preview Content\"";
				DEVELOPMENT_TEAM = T4C95573CH;
				ENABLE_PREVIEWS = YES;
				INFOPLIST_FILE = SearchBarSwiftUI/Info.plist;
				IPHONEOS_DEPLOYMENT_TARGET = 14.0;
				LD_RUNPATH_SEARCH_PATHS = (
					"$(inherited)",
					"@executable_path/Frameworks",
				);
				PRODUCT_BUNDLE_IDENTIFIER = com.tologo.SearchBarSwiftUI;
				PRODUCT_NAME = "$(TARGET_NAME)";
				SWIFT_VERSION = 5.0;
				TARGETED_DEVICE_FAMILY = "1,2";
			};
			name = Debug;
		};
		11E4F15025C5FBD200FE0D5A /* Release */ = {
			isa = XCBuildConfiguration;
			buildSettings = {
				ASSETCATALOG_COMPILER_APPICON_NAME = AppIcon;
				ASSETCATALOG_COMPILER_GLOBAL_ACCENT_COLOR_NAME = AccentColor;
				CODE_SIGN_STYLE = Automatic;
				DEVELOPMENT_ASSET_PATHS = "\"SearchBarSwiftUI/Preview Content\"";
				DEVELOPMENT_TEAM = T4C95573CH;
				ENABLE_PREVIEWS = YES;
				INFOPLIST_FILE = SearchBarSwiftUI/Info.plist;
				IPHONEOS_DEPLOYMENT_TARGET = 14.0;
				LD_RUNPATH_SEARCH_PATHS = (
					"$(inherited)",
					"@executable_path/Frameworks",
				);
				PRODUCT_BUNDLE_IDENTIFIER = com.tologo.SearchBarSwiftUI;
				PRODUCT_NAME = "$(TARGET_NAME)";
				SWIFT_VERSION = 5.0;
				TARGETED_DEVICE_FAMILY = "1,2";
			};
			name = Release;
		};
/* End XCBuildConfiguration section */

/* Begin XCConfigurationList section */
		11E4F13A25C5FBCE00FE0D5A /* Build configuration list for PBXProject "SearchBarSwiftUI" */ = {
			isa = XCConfigurationList;
			buildConfigurations = (
				11E4F14C25C5FBD200FE0D5A /* Debug */,
				11E4F14D25C5FBD200FE0D5A /* Release */,
			);
			defaultConfigurationIsVisible = 0;
			defaultConfigurationName = Release;
		};
		11E4F14E25C5FBD200FE0D5A /* Build configuration list for PBXNativeTarget "SearchBarSwiftUI" */ = {
			isa = XCConfigurationList;
			buildConfigurations = (
				11E4F14F25C5FBD200FE0D5A /* Debug */,
				11E4F15025C5FBD200FE0D5A /* Release */,
			);
			defaultConfigurationIsVisible = 0;
			defaultConfigurationName = Release;
		};
/* End XCConfigurationList section */
	};
	rootObject = 11E4F13725C5FBCE00FE0D5A /* Project object */;
}
